// !$*UTF8*$!
{
	archiveVersion = 1;
	classes = {
	};
	objectVersion = 46;
	objects = {

/* Begin PBXBuildFile section */
		498619B3167FC448004971C4 /* UIKit.framework in Frameworks */ = {isa = PBXBuildFile; fileRef = 498619B2167FC448004971C4 /* UIKit.framework */; };
		498619B5167FC448004971C4 /* Foundation.framework in Frameworks */ = {isa = PBXBuildFile; fileRef = 498619B4167FC448004971C4 /* Foundation.framework */; };
		498619B7167FC448004971C4 /* CoreGraphics.framework in Frameworks */ = {isa = PBXBuildFile; fileRef = 498619B6167FC448004971C4 /* CoreGraphics.framework */; };
		498619BD167FC448004971C4 /* InfoPlist.strings in Resources */ = {isa = PBXBuildFile; fileRef = 498619BB167FC448004971C4 /* InfoPlist.strings */; };
		498619BF167FC448004971C4 /* main.m in Sources */ = {isa = PBXBuildFile; fileRef = 498619BE167FC448004971C4 /* main.m */; };
		498619C3167FC448004971C4 /* AppDelegate.m in Sources */ = {isa = PBXBuildFile; fileRef = 498619C2167FC448004971C4 /* AppDelegate.m */; };
		49861A0F167FC91B004971C4 /* AFHTTPClient.m in Sources */ = {isa = PBXBuildFile; fileRef = 498619FD167FC91B004971C4 /* AFHTTPClient.m */; };
		49861A10167FC91B004971C4 /* AFHTTPRequestOperation.m in Sources */ = {isa = PBXBuildFile; fileRef = 498619FF167FC91B004971C4 /* AFHTTPRequestOperation.m */; };
		49861A11167FC91B004971C4 /* AFImageRequestOperation.m in Sources */ = {isa = PBXBuildFile; fileRef = 49861A01167FC91B004971C4 /* AFImageRequestOperation.m */; };
		49861A12167FC91B004971C4 /* AFJSONRequestOperation.m in Sources */ = {isa = PBXBuildFile; fileRef = 49861A03167FC91B004971C4 /* AFJSONRequestOperation.m */; };
		49861A13167FC91B004971C4 /* AFNetworkActivityIndicatorManager.m in Sources */ = {isa = PBXBuildFile; fileRef = 49861A05167FC91B004971C4 /* AFNetworkActivityIndicatorManager.m */; };
		49861A14167FC91B004971C4 /* AFPropertyListRequestOperation.m in Sources */ = {isa = PBXBuildFile; fileRef = 49861A08167FC91B004971C4 /* AFPropertyListRequestOperation.m */; };
		49861A15167FC91B004971C4 /* AFURLConnectionOperation.m in Sources */ = {isa = PBXBuildFile; fileRef = 49861A0A167FC91B004971C4 /* AFURLConnectionOperation.m */; };
		49861A16167FC91B004971C4 /* AFXMLRequestOperation.m in Sources */ = {isa = PBXBuildFile; fileRef = 49861A0C167FC91B004971C4 /* AFXMLRequestOperation.m */; };
		49861A17167FC91B004971C4 /* UIImageView+AFNetworking.m in Sources */ = {isa = PBXBuildFile; fileRef = 49861A0E167FC91B004971C4 /* UIImageView+AFNetworking.m */; };
		49861A19167FC9A7004971C4 /* MobileCoreServices.framework in Frameworks */ = {isa = PBXBuildFile; fileRef = 49861A18167FC9A7004971C4 /* MobileCoreServices.framework */; };
		49861A1B167FC9E6004971C4 /* SystemConfiguration.framework in Frameworks */ = {isa = PBXBuildFile; fileRef = 49861A1A167FC9E6004971C4 /* SystemConfiguration.framework */; };
		49861A1F167FDA18004971C4 /* LoginViewController.m in Sources */ = {isa = PBXBuildFile; fileRef = 49861A1D167FDA18004971C4 /* LoginViewController.m */; };
		49861A20167FDA18004971C4 /* LoginViewController.xib in Resources */ = {isa = PBXBuildFile; fileRef = 49861A1E167FDA18004971C4 /* LoginViewController.xib */; };
		49861A2C167FEA8D004971C4 /* UIHelper.m in Sources */ = {isa = PBXBuildFile; fileRef = 49861A2B167FEA8D004971C4 /* UIHelper.m */; };
		49861A2F167FF046004971C4 /* SparkAPI.m in Sources */ = {isa = PBXBuildFile; fileRef = 49861A2E167FF046004971C4 /* SparkAPI.m */; };
		49861A481680F2B5004971C4 /* ViewListingsViewController.m in Sources */ = {isa = PBXBuildFile; fileRef = 49861A471680F2B5004971C4 /* ViewListingsViewController.m */; };
		49861A5D1680FA4A004971C4 /* MyAccountViewController.m in Sources */ = {isa = PBXBuildFile; fileRef = 49861A5C1680FA4A004971C4 /* MyAccountViewController.m */; };
		49861AA2168171BE004971C4 /* NSObject+SBJson.m in Sources */ = {isa = PBXBuildFile; fileRef = 49861A8A168171BE004971C4 /* NSObject+SBJson.m */; };
		49861AA3168171BE004971C4 /* SBJsonParser.m in Sources */ = {isa = PBXBuildFile; fileRef = 49861A8D168171BE004971C4 /* SBJsonParser.m */; };
		49861AA4168171BE004971C4 /* SBJsonStreamParser.m in Sources */ = {isa = PBXBuildFile; fileRef = 49861A8F168171BE004971C4 /* SBJsonStreamParser.m */; };
		49861AA5168171BE004971C4 /* SBJsonStreamParserAccumulator.m in Sources */ = {isa = PBXBuildFile; fileRef = 49861A91168171BE004971C4 /* SBJsonStreamParserAccumulator.m */; };
		49861AA6168171BE004971C4 /* SBJsonStreamParserAdapter.m in Sources */ = {isa = PBXBuildFile; fileRef = 49861A93168171BE004971C4 /* SBJsonStreamParserAdapter.m */; };
		49861AA7168171BE004971C4 /* SBJsonStreamParserState.m in Sources */ = {isa = PBXBuildFile; fileRef = 49861A95168171BE004971C4 /* SBJsonStreamParserState.m */; };
		49861AA8168171BE004971C4 /* SBJsonStreamWriter.m in Sources */ = {isa = PBXBuildFile; fileRef = 49861A97168171BE004971C4 /* SBJsonStreamWriter.m */; };
		49861AA9168171BE004971C4 /* SBJsonStreamWriterAccumulator.m in Sources */ = {isa = PBXBuildFile; fileRef = 49861A99168171BE004971C4 /* SBJsonStreamWriterAccumulator.m */; };
		49861AAA168171BE004971C4 /* SBJsonStreamWriterState.m in Sources */ = {isa = PBXBuildFile; fileRef = 49861A9B168171BE004971C4 /* SBJsonStreamWriterState.m */; };
		49861AAB168171BE004971C4 /* SBJsonTokeniser.m in Sources */ = {isa = PBXBuildFile; fileRef = 49861A9D168171BE004971C4 /* SBJsonTokeniser.m */; };
		49861AAC168171BE004971C4 /* SBJsonUTF8Stream.m in Sources */ = {isa = PBXBuildFile; fileRef = 49861A9F168171BE004971C4 /* SBJsonUTF8Stream.m */; };
		49861AAD168171BE004971C4 /* SBJsonWriter.m in Sources */ = {isa = PBXBuildFile; fileRef = 49861AA1168171BE004971C4 /* SBJsonWriter.m */; };
		49861ABC1681722F004971C4 /* Default-568h@2x.png in Resources */ = {isa = PBXBuildFile; fileRef = 49861AAF1681722F004971C4 /* Default-568h@2x.png */; };
		49861ABD1681722F004971C4 /* Default-Landscape@2x~ipad.png in Resources */ = {isa = PBXBuildFile; fileRef = 49861AB01681722F004971C4 /* Default-Landscape@2x~ipad.png */; };
		49861ABE1681722F004971C4 /* Default-Landscape~ipad.png in Resources */ = {isa = PBXBuildFile; fileRef = 49861AB11681722F004971C4 /* Default-Landscape~ipad.png */; };
		49861ABF1681722F004971C4 /* Default.png in Resources */ = {isa = PBXBuildFile; fileRef = 49861AB21681722F004971C4 /* Default.png */; };
		49861AC01681722F004971C4 /* Default@2x.png in Resources */ = {isa = PBXBuildFile; fileRef = 49861AB31681722F004971C4 /* Default@2x.png */; };
		49861AC11681722F004971C4 /* DefaultListingPhoto.png in Resources */ = {isa = PBXBuildFile; fileRef = 49861AB41681722F004971C4 /* DefaultListingPhoto.png */; };
		49861AC21681722F004971C4 /* DefaultListingPhoto@2x.png in Resources */ = {isa = PBXBuildFile; fileRef = 49861AB51681722F004971C4 /* DefaultListingPhoto@2x.png */; };
		49861AC31681722F004971C4 /* Icon-72.png in Resources */ = {isa = PBXBuildFile; fileRef = 49861AB61681722F004971C4 /* Icon-72.png */; };
		49861AC41681722F004971C4 /* Icon-72@2x.png in Resources */ = {isa = PBXBuildFile; fileRef = 49861AB71681722F004971C4 /* Icon-72@2x.png */; };
		49861AC51681722F004971C4 /* Icon.png in Resources */ = {isa = PBXBuildFile; fileRef = 49861AB81681722F004971C4 /* Icon.png */; };
		49861AC61681722F004971C4 /* Icon@2x.png in Resources */ = {isa = PBXBuildFile; fileRef = 49861AB91681722F004971C4 /* Icon@2x.png */; };
		49861AC71681722F004971C4 /* SparkLoginButton.png in Resources */ = {isa = PBXBuildFile; fileRef = 49861ABA1681722F004971C4 /* SparkLoginButton.png */; };
		49861AC81681722F004971C4 /* SparkLoginButton@2x.png in Resources */ = {isa = PBXBuildFile; fileRef = 49861ABB1681722F004971C4 /* SparkLoginButton@2x.png */; };
		49861ACB168190CE004971C4 /* ViewListingViewController.m in Sources */ = {isa = PBXBuildFile; fileRef = 49861ACA168190CE004971C4 /* ViewListingViewController.m */; };
		49861ACE16819A6E004971C4 /* ListingFormatter.m in Sources */ = {isa = PBXBuildFile; fileRef = 49861ACD16819A6D004971C4 /* ListingFormatter.m */; };
		49861AD016823960004971C4 /* ViewListingDetailLineCell.xib in Resources */ = {isa = PBXBuildFile; fileRef = 49861ACF16823960004971C4 /* ViewListingDetailLineCell.xib */; };
/* End PBXBuildFile section */

/* Begin PBXFileReference section */
		498619AE167FC448004971C4 /* SparkiOS.app */ = {isa = PBXFileReference; explicitFileType = wrapper.application; includeInIndex = 0; path = SparkiOS.app; sourceTree = BUILT_PRODUCTS_DIR; };
		498619B2167FC448004971C4 /* UIKit.framework */ = {isa = PBXFileReference; lastKnownFileType = wrapper.framework; name = UIKit.framework; path = System/Library/Frameworks/UIKit.framework; sourceTree = SDKROOT; };
		498619B4167FC448004971C4 /* Foundation.framework */ = {isa = PBXFileReference; lastKnownFileType = wrapper.framework; name = Foundation.framework; path = System/Library/Frameworks/Foundation.framework; sourceTree = SDKROOT; };
		498619B6167FC448004971C4 /* CoreGraphics.framework */ = {isa = PBXFileReference; lastKnownFileType = wrapper.framework; name = CoreGraphics.framework; path = System/Library/Frameworks/CoreGraphics.framework; sourceTree = SDKROOT; };
		498619BA167FC448004971C4 /* SparkiOS-Info.plist */ = {isa = PBXFileReference; lastKnownFileType = text.plist.xml; path = "SparkiOS-Info.plist"; sourceTree = "<group>"; };
		498619BC167FC448004971C4 /* en */ = {isa = PBXFileReference; lastKnownFileType = text.plist.strings; name = en; path = en.lproj/InfoPlist.strings; sourceTree = "<group>"; };
		498619BE167FC448004971C4 /* main.m */ = {isa = PBXFileReference; lastKnownFileType = sourcecode.c.objc; path = main.m; sourceTree = "<group>"; };
		498619C0167FC448004971C4 /* SparkiOS-Prefix.pch */ = {isa = PBXFileReference; lastKnownFileType = sourcecode.c.h; path = "SparkiOS-Prefix.pch"; sourceTree = "<group>"; };
		498619C1167FC448004971C4 /* AppDelegate.h */ = {isa = PBXFileReference; lastKnownFileType = sourcecode.c.h; path = AppDelegate.h; sourceTree = "<group>"; };
		498619C2167FC448004971C4 /* AppDelegate.m */ = {isa = PBXFileReference; lastKnownFileType = sourcecode.c.objc; path = AppDelegate.m; sourceTree = "<group>"; };
		498619FC167FC91B004971C4 /* AFHTTPClient.h */ = {isa = PBXFileReference; fileEncoding = 4; lastKnownFileType = sourcecode.c.h; path = AFHTTPClient.h; sourceTree = "<group>"; };
		498619FD167FC91B004971C4 /* AFHTTPClient.m */ = {isa = PBXFileReference; fileEncoding = 4; lastKnownFileType = sourcecode.c.objc; path = AFHTTPClient.m; sourceTree = "<group>"; };
		498619FE167FC91B004971C4 /* AFHTTPRequestOperation.h */ = {isa = PBXFileReference; fileEncoding = 4; lastKnownFileType = sourcecode.c.h; path = AFHTTPRequestOperation.h; sourceTree = "<group>"; };
		498619FF167FC91B004971C4 /* AFHTTPRequestOperation.m */ = {isa = PBXFileReference; fileEncoding = 4; lastKnownFileType = sourcecode.c.objc; path = AFHTTPRequestOperation.m; sourceTree = "<group>"; };
		49861A00167FC91B004971C4 /* AFImageRequestOperation.h */ = {isa = PBXFileReference; fileEncoding = 4; lastKnownFileType = sourcecode.c.h; path = AFImageRequestOperation.h; sourceTree = "<group>"; };
		49861A01167FC91B004971C4 /* AFImageRequestOperation.m */ = {isa = PBXFileReference; fileEncoding = 4; lastKnownFileType = sourcecode.c.objc; path = AFImageRequestOperation.m; sourceTree = "<group>"; };
		49861A02167FC91B004971C4 /* AFJSONRequestOperation.h */ = {isa = PBXFileReference; fileEncoding = 4; lastKnownFileType = sourcecode.c.h; path = AFJSONRequestOperation.h; sourceTree = "<group>"; };
		49861A03167FC91B004971C4 /* AFJSONRequestOperation.m */ = {isa = PBXFileReference; fileEncoding = 4; lastKnownFileType = sourcecode.c.objc; path = AFJSONRequestOperation.m; sourceTree = "<group>"; };
		49861A04167FC91B004971C4 /* AFNetworkActivityIndicatorManager.h */ = {isa = PBXFileReference; fileEncoding = 4; lastKnownFileType = sourcecode.c.h; path = AFNetworkActivityIndicatorManager.h; sourceTree = "<group>"; };
		49861A05167FC91B004971C4 /* AFNetworkActivityIndicatorManager.m */ = {isa = PBXFileReference; fileEncoding = 4; lastKnownFileType = sourcecode.c.objc; path = AFNetworkActivityIndicatorManager.m; sourceTree = "<group>"; };
		49861A06167FC91B004971C4 /* AFNetworking.h */ = {isa = PBXFileReference; fileEncoding = 4; lastKnownFileType = sourcecode.c.h; path = AFNetworking.h; sourceTree = "<group>"; };
		49861A07167FC91B004971C4 /* AFPropertyListRequestOperation.h */ = {isa = PBXFileReference; fileEncoding = 4; lastKnownFileType = sourcecode.c.h; path = AFPropertyListRequestOperation.h; sourceTree = "<group>"; };
		49861A08167FC91B004971C4 /* AFPropertyListRequestOperation.m */ = {isa = PBXFileReference; fileEncoding = 4; lastKnownFileType = sourcecode.c.objc; path = AFPropertyListRequestOperation.m; sourceTree = "<group>"; };
		49861A09167FC91B004971C4 /* AFURLConnectionOperation.h */ = {isa = PBXFileReference; fileEncoding = 4; lastKnownFileType = sourcecode.c.h; path = AFURLConnectionOperation.h; sourceTree = "<group>"; };
		49861A0A167FC91B004971C4 /* AFURLConnectionOperation.m */ = {isa = PBXFileReference; fileEncoding = 4; lastKnownFileType = sourcecode.c.objc; path = AFURLConnectionOperation.m; sourceTree = "<group>"; };
		49861A0B167FC91B004971C4 /* AFXMLRequestOperation.h */ = {isa = PBXFileReference; fileEncoding = 4; lastKnownFileType = sourcecode.c.h; path = AFXMLRequestOperation.h; sourceTree = "<group>"; };
		49861A0C167FC91B004971C4 /* AFXMLRequestOperation.m */ = {isa = PBXFileReference; fileEncoding = 4; lastKnownFileType = sourcecode.c.objc; path = AFXMLRequestOperation.m; sourceTree = "<group>"; };
		49861A0D167FC91B004971C4 /* UIImageView+AFNetworking.h */ = {isa = PBXFileReference; fileEncoding = 4; lastKnownFileType = sourcecode.c.h; path = "UIImageView+AFNetworking.h"; sourceTree = "<group>"; };
		49861A0E167FC91B004971C4 /* UIImageView+AFNetworking.m */ = {isa = PBXFileReference; fileEncoding = 4; lastKnownFileType = sourcecode.c.objc; path = "UIImageView+AFNetworking.m"; sourceTree = "<group>"; };
		49861A18167FC9A7004971C4 /* MobileCoreServices.framework */ = {isa = PBXFileReference; lastKnownFileType = wrapper.framework; name = MobileCoreServices.framework; path = System/Library/Frameworks/MobileCoreServices.framework; sourceTree = SDKROOT; };
		49861A1A167FC9E6004971C4 /* SystemConfiguration.framework */ = {isa = PBXFileReference; lastKnownFileType = wrapper.framework; name = SystemConfiguration.framework; path = System/Library/Frameworks/SystemConfiguration.framework; sourceTree = SDKROOT; };
		49861A1C167FDA18004971C4 /* LoginViewController.h */ = {isa = PBXFileReference; fileEncoding = 4; lastKnownFileType = sourcecode.c.h; path = LoginViewController.h; sourceTree = "<group>"; };
		49861A1D167FDA18004971C4 /* LoginViewController.m */ = {isa = PBXFileReference; fileEncoding = 4; lastKnownFileType = sourcecode.c.objc; path = LoginViewController.m; sourceTree = "<group>"; };
		49861A1E167FDA18004971C4 /* LoginViewController.xib */ = {isa = PBXFileReference; fileEncoding = 4; lastKnownFileType = file.xib; path = LoginViewController.xib; sourceTree = "<group>"; };
		49861A29167FEA13004971C4 /* iOSConstants.h */ = {isa = PBXFileReference; fileEncoding = 4; lastKnownFileType = sourcecode.c.h; path = iOSConstants.h; sourceTree = "<group>"; };
		49861A2A167FEA8D004971C4 /* UIHelper.h */ = {isa = PBXFileReference; fileEncoding = 4; lastKnownFileType = sourcecode.c.h; path = UIHelper.h; sourceTree = "<group>"; };
		49861A2B167FEA8D004971C4 /* UIHelper.m */ = {isa = PBXFileReference; fileEncoding = 4; lastKnownFileType = sourcecode.c.objc; path = UIHelper.m; sourceTree = "<group>"; };
		49861A2D167FF046004971C4 /* SparkAPI.h */ = {isa = PBXFileReference; fileEncoding = 4; lastKnownFileType = sourcecode.c.h; path = SparkAPI.h; sourceTree = "<group>"; };
		49861A2E167FF046004971C4 /* SparkAPI.m */ = {isa = PBXFileReference; fileEncoding = 4; lastKnownFileType = sourcecode.c.objc; path = SparkAPI.m; sourceTree = "<group>"; };
		49861A461680F2B5004971C4 /* ViewListingsViewController.h */ = {isa = PBXFileReference; fileEncoding = 4; lastKnownFileType = sourcecode.c.h; path = ViewListingsViewController.h; sourceTree = "<group>"; };
		49861A471680F2B5004971C4 /* ViewListingsViewController.m */ = {isa = PBXFileReference; fileEncoding = 4; lastKnownFileType = sourcecode.c.objc; path = ViewListingsViewController.m; sourceTree = "<group>"; };
		49861A5B1680FA4A004971C4 /* MyAccountViewController.h */ = {isa = PBXFileReference; fileEncoding = 4; lastKnownFileType = sourcecode.c.h; path = MyAccountViewController.h; sourceTree = "<group>"; };
		49861A5C1680FA4A004971C4 /* MyAccountViewController.m */ = {isa = PBXFileReference; fileEncoding = 4; lastKnownFileType = sourcecode.c.objc; path = MyAccountViewController.m; sourceTree = "<group>"; };
		49861A89168171BE004971C4 /* NSObject+SBJson.h */ = {isa = PBXFileReference; fileEncoding = 4; lastKnownFileType = sourcecode.c.h; path = "NSObject+SBJson.h"; sourceTree = "<group>"; };
		49861A8A168171BE004971C4 /* NSObject+SBJson.m */ = {isa = PBXFileReference; fileEncoding = 4; lastKnownFileType = sourcecode.c.objc; path = "NSObject+SBJson.m"; sourceTree = "<group>"; };
		49861A8B168171BE004971C4 /* SBJson.h */ = {isa = PBXFileReference; fileEncoding = 4; lastKnownFileType = sourcecode.c.h; path = SBJson.h; sourceTree = "<group>"; };
		49861A8C168171BE004971C4 /* SBJsonParser.h */ = {isa = PBXFileReference; fileEncoding = 4; lastKnownFileType = sourcecode.c.h; path = SBJsonParser.h; sourceTree = "<group>"; };
		49861A8D168171BE004971C4 /* SBJsonParser.m */ = {isa = PBXFileReference; fileEncoding = 4; lastKnownFileType = sourcecode.c.objc; path = SBJsonParser.m; sourceTree = "<group>"; };
		49861A8E168171BE004971C4 /* SBJsonStreamParser.h */ = {isa = PBXFileReference; fileEncoding = 4; lastKnownFileType = sourcecode.c.h; path = SBJsonStreamParser.h; sourceTree = "<group>"; };
		49861A8F168171BE004971C4 /* SBJsonStreamParser.m */ = {isa = PBXFileReference; fileEncoding = 4; lastKnownFileType = sourcecode.c.objc; path = SBJsonStreamParser.m; sourceTree = "<group>"; };
		49861A90168171BE004971C4 /* SBJsonStreamParserAccumulator.h */ = {isa = PBXFileReference; fileEncoding = 4; lastKnownFileType = sourcecode.c.h; path = SBJsonStreamParserAccumulator.h; sourceTree = "<group>"; };
		49861A91168171BE004971C4 /* SBJsonStreamParserAccumulator.m */ = {isa = PBXFileReference; fileEncoding = 4; lastKnownFileType = sourcecode.c.objc; path = SBJsonStreamParserAccumulator.m; sourceTree = "<group>"; };
		49861A92168171BE004971C4 /* SBJsonStreamParserAdapter.h */ = {isa = PBXFileReference; fileEncoding = 4; lastKnownFileType = sourcecode.c.h; path = SBJsonStreamParserAdapter.h; sourceTree = "<group>"; };
		49861A93168171BE004971C4 /* SBJsonStreamParserAdapter.m */ = {isa = PBXFileReference; fileEncoding = 4; lastKnownFileType = sourcecode.c.objc; path = SBJsonStreamParserAdapter.m; sourceTree = "<group>"; };
		49861A94168171BE004971C4 /* SBJsonStreamParserState.h */ = {isa = PBXFileReference; fileEncoding = 4; lastKnownFileType = sourcecode.c.h; path = SBJsonStreamParserState.h; sourceTree = "<group>"; };
		49861A95168171BE004971C4 /* SBJsonStreamParserState.m */ = {isa = PBXFileReference; fileEncoding = 4; lastKnownFileType = sourcecode.c.objc; path = SBJsonStreamParserState.m; sourceTree = "<group>"; };
		49861A96168171BE004971C4 /* SBJsonStreamWriter.h */ = {isa = PBXFileReference; fileEncoding = 4; lastKnownFileType = sourcecode.c.h; path = SBJsonStreamWriter.h; sourceTree = "<group>"; };
		49861A97168171BE004971C4 /* SBJsonStreamWriter.m */ = {isa = PBXFileReference; fileEncoding = 4; lastKnownFileType = sourcecode.c.objc; path = SBJsonStreamWriter.m; sourceTree = "<group>"; };
		49861A98168171BE004971C4 /* SBJsonStreamWriterAccumulator.h */ = {isa = PBXFileReference; fileEncoding = 4; lastKnownFileType = sourcecode.c.h; path = SBJsonStreamWriterAccumulator.h; sourceTree = "<group>"; };
		49861A99168171BE004971C4 /* SBJsonStreamWriterAccumulator.m */ = {isa = PBXFileReference; fileEncoding = 4; lastKnownFileType = sourcecode.c.objc; path = SBJsonStreamWriterAccumulator.m; sourceTree = "<group>"; };
		49861A9A168171BE004971C4 /* SBJsonStreamWriterState.h */ = {isa = PBXFileReference; fileEncoding = 4; lastKnownFileType = sourcecode.c.h; path = SBJsonStreamWriterState.h; sourceTree = "<group>"; };
		49861A9B168171BE004971C4 /* SBJsonStreamWriterState.m */ = {isa = PBXFileReference; fileEncoding = 4; lastKnownFileType = sourcecode.c.objc; path = SBJsonStreamWriterState.m; sourceTree = "<group>"; };
		49861A9C168171BE004971C4 /* SBJsonTokeniser.h */ = {isa = PBXFileReference; fileEncoding = 4; lastKnownFileType = sourcecode.c.h; path = SBJsonTokeniser.h; sourceTree = "<group>"; };
		49861A9D168171BE004971C4 /* SBJsonTokeniser.m */ = {isa = PBXFileReference; fileEncoding = 4; lastKnownFileType = sourcecode.c.objc; path = SBJsonTokeniser.m; sourceTree = "<group>"; };
		49861A9E168171BE004971C4 /* SBJsonUTF8Stream.h */ = {isa = PBXFileReference; fileEncoding = 4; lastKnownFileType = sourcecode.c.h; path = SBJsonUTF8Stream.h; sourceTree = "<group>"; };
		49861A9F168171BE004971C4 /* SBJsonUTF8Stream.m */ = {isa = PBXFileReference; fileEncoding = 4; lastKnownFileType = sourcecode.c.objc; path = SBJsonUTF8Stream.m; sourceTree = "<group>"; };
		49861AA0168171BE004971C4 /* SBJsonWriter.h */ = {isa = PBXFileReference; fileEncoding = 4; lastKnownFileType = sourcecode.c.h; path = SBJsonWriter.h; sourceTree = "<group>"; };
		49861AA1168171BE004971C4 /* SBJsonWriter.m */ = {isa = PBXFileReference; fileEncoding = 4; lastKnownFileType = sourcecode.c.objc; path = SBJsonWriter.m; sourceTree = "<group>"; };
		49861AAF1681722F004971C4 /* Default-568h@2x.png */ = {isa = PBXFileReference; lastKnownFileType = image.png; path = "Default-568h@2x.png"; sourceTree = "<group>"; };
		49861AB01681722F004971C4 /* Default-Landscape@2x~ipad.png */ = {isa = PBXFileReference; lastKnownFileType = image.png; path = "Default-Landscape@2x~ipad.png"; sourceTree = "<group>"; };
		49861AB11681722F004971C4 /* Default-Landscape~ipad.png */ = {isa = PBXFileReference; lastKnownFileType = image.png; path = "Default-Landscape~ipad.png"; sourceTree = "<group>"; };
		49861AB21681722F004971C4 /* Default.png */ = {isa = PBXFileReference; lastKnownFileType = image.png; path = Default.png; sourceTree = "<group>"; };
		49861AB31681722F004971C4 /* Default@2x.png */ = {isa = PBXFileReference; lastKnownFileType = image.png; path = "Default@2x.png"; sourceTree = "<group>"; };
		49861AB41681722F004971C4 /* DefaultListingPhoto.png */ = {isa = PBXFileReference; lastKnownFileType = image.png; path = DefaultListingPhoto.png; sourceTree = "<group>"; };
		49861AB51681722F004971C4 /* DefaultListingPhoto@2x.png */ = {isa = PBXFileReference; lastKnownFileType = image.png; path = "DefaultListingPhoto@2x.png"; sourceTree = "<group>"; };
		49861AB61681722F004971C4 /* Icon-72.png */ = {isa = PBXFileReference; lastKnownFileType = image.png; path = "Icon-72.png"; sourceTree = "<group>"; };
		49861AB71681722F004971C4 /* Icon-72@2x.png */ = {isa = PBXFileReference; lastKnownFileType = image.png; path = "Icon-72@2x.png"; sourceTree = "<group>"; };
		49861AB81681722F004971C4 /* Icon.png */ = {isa = PBXFileReference; lastKnownFileType = image.png; path = Icon.png; sourceTree = "<group>"; };
		49861AB91681722F004971C4 /* Icon@2x.png */ = {isa = PBXFileReference; lastKnownFileType = image.png; path = "Icon@2x.png"; sourceTree = "<group>"; };
		49861ABA1681722F004971C4 /* SparkLoginButton.png */ = {isa = PBXFileReference; lastKnownFileType = image.png; path = SparkLoginButton.png; sourceTree = "<group>"; };
		49861ABB1681722F004971C4 /* SparkLoginButton@2x.png */ = {isa = PBXFileReference; lastKnownFileType = image.png; path = "SparkLoginButton@2x.png"; sourceTree = "<group>"; };
		49861AC9168190CD004971C4 /* ViewListingViewController.h */ = {isa = PBXFileReference; fileEncoding = 4; lastKnownFileType = sourcecode.c.h; path = ViewListingViewController.h; sourceTree = "<group>"; };
		49861ACA168190CE004971C4 /* ViewListingViewController.m */ = {isa = PBXFileReference; fileEncoding = 4; lastKnownFileType = sourcecode.c.objc; path = ViewListingViewController.m; sourceTree = "<group>"; };
		49861ACC16819A6D004971C4 /* ListingFormatter.h */ = {isa = PBXFileReference; fileEncoding = 4; lastKnownFileType = sourcecode.c.h; path = ListingFormatter.h; sourceTree = "<group>"; };
		49861ACD16819A6D004971C4 /* ListingFormatter.m */ = {isa = PBXFileReference; fileEncoding = 4; lastKnownFileType = sourcecode.c.objc; path = ListingFormatter.m; sourceTree = "<group>"; };
		49861ACF16823960004971C4 /* ViewListingDetailLineCell.xib */ = {isa = PBXFileReference; fileEncoding = 4; lastKnownFileType = file.xib; path = ViewListingDetailLineCell.xib; sourceTree = "<group>"; };
/* End PBXFileReference section */

/* Begin PBXFrameworksBuildPhase section */
		498619AB167FC448004971C4 /* Frameworks */ = {
			isa = PBXFrameworksBuildPhase;
			buildActionMask = 2147483647;
			files = (
				49861A1B167FC9E6004971C4 /* SystemConfiguration.framework in Frameworks */,
				49861A19167FC9A7004971C4 /* MobileCoreServices.framework in Frameworks */,
				498619B3167FC448004971C4 /* UIKit.framework in Frameworks */,
				498619B5167FC448004971C4 /* Foundation.framework in Frameworks */,
				498619B7167FC448004971C4 /* CoreGraphics.framework in Frameworks */,
			);
			runOnlyForDeploymentPostprocessing = 0;
		};
/* End PBXFrameworksBuildPhase section */

/* Begin PBXGroup section */
		498619A3167FC448004971C4 = {
			isa = PBXGroup;
			children = (
				498619B8167FC448004971C4 /* SparkiOS */,
				498619B1167FC448004971C4 /* Frameworks */,
				498619AF167FC448004971C4 /* Products */,
			);
			sourceTree = "<group>";
		};
		498619AF167FC448004971C4 /* Products */ = {
			isa = PBXGroup;
			children = (
				498619AE167FC448004971C4 /* SparkiOS.app */,
			);
			name = Products;
			sourceTree = "<group>";
		};
		498619B1167FC448004971C4 /* Frameworks */ = {
			isa = PBXGroup;
			children = (
				498619B6167FC448004971C4 /* CoreGraphics.framework */,
				498619B4167FC448004971C4 /* Foundation.framework */,
				49861A18167FC9A7004971C4 /* MobileCoreServices.framework */,
				49861A1A167FC9E6004971C4 /* SystemConfiguration.framework */,
				498619B2167FC448004971C4 /* UIKit.framework */,
			);
			name = Frameworks;
			sourceTree = "<group>";
		};
		498619B8167FC448004971C4 /* SparkiOS */ = {
			isa = PBXGroup;
			children = (
				498619C1167FC448004971C4 /* AppDelegate.h */,
				498619C2167FC448004971C4 /* AppDelegate.m */,
				49861A2D167FF046004971C4 /* SparkAPI.h */,
				49861A2E167FF046004971C4 /* SparkAPI.m */,
				49861A21167FDA35004971C4 /* ui */,
				498619B9167FC448004971C4 /* Supporting Files */,
			);
			path = SparkiOS;
			sourceTree = "<group>";
		};
		498619B9167FC448004971C4 /* Supporting Files */ = {
			isa = PBXGroup;
			children = (
				498619FB167FC91B004971C4 /* AFNetworking 1.0.1 */,
				49861A88168171BE004971C4 /* SBJSON 3.1 */,
				49861AAE1681722F004971C4 /* images */,
				498619BA167FC448004971C4 /* SparkiOS-Info.plist */,
				498619BB167FC448004971C4 /* InfoPlist.strings */,
				498619BE167FC448004971C4 /* main.m */,
				498619C0167FC448004971C4 /* SparkiOS-Prefix.pch */,
			);
			name = "Supporting Files";
			sourceTree = "<group>";
		};
		498619FB167FC91B004971C4 /* AFNetworking 1.0.1 */ = {
			isa = PBXGroup;
			children = (
				498619FC167FC91B004971C4 /* AFHTTPClient.h */,
				498619FD167FC91B004971C4 /* AFHTTPClient.m */,
				498619FE167FC91B004971C4 /* AFHTTPRequestOperation.h */,
				498619FF167FC91B004971C4 /* AFHTTPRequestOperation.m */,
				49861A00167FC91B004971C4 /* AFImageRequestOperation.h */,
				49861A01167FC91B004971C4 /* AFImageRequestOperation.m */,
				49861A02167FC91B004971C4 /* AFJSONRequestOperation.h */,
				49861A03167FC91B004971C4 /* AFJSONRequestOperation.m */,
				49861A04167FC91B004971C4 /* AFNetworkActivityIndicatorManager.h */,
				49861A05167FC91B004971C4 /* AFNetworkActivityIndicatorManager.m */,
				49861A06167FC91B004971C4 /* AFNetworking.h */,
				49861A07167FC91B004971C4 /* AFPropertyListRequestOperation.h */,
				49861A08167FC91B004971C4 /* AFPropertyListRequestOperation.m */,
				49861A09167FC91B004971C4 /* AFURLConnectionOperation.h */,
				49861A0A167FC91B004971C4 /* AFURLConnectionOperation.m */,
				49861A0B167FC91B004971C4 /* AFXMLRequestOperation.h */,
				49861A0C167FC91B004971C4 /* AFXMLRequestOperation.m */,
				49861A0D167FC91B004971C4 /* UIImageView+AFNetworking.h */,
				49861A0E167FC91B004971C4 /* UIImageView+AFNetworking.m */,
			);
			name = "AFNetworking 1.0.1";
			path = AFNetworking;
			sourceTree = "<group>";
		};
		49861A21167FDA35004971C4 /* ui */ = {
			isa = PBXGroup;
			children = (
				49861A29167FEA13004971C4 /* iOSConstants.h */,
				49861ACC16819A6D004971C4 /* ListingFormatter.h */,
				49861ACD16819A6D004971C4 /* ListingFormatter.m */,
				49861A1C167FDA18004971C4 /* LoginViewController.h */,
				49861A1D167FDA18004971C4 /* LoginViewController.m */,
				49861A1E167FDA18004971C4 /* LoginViewController.xib */,
				49861A5B1680FA4A004971C4 /* MyAccountViewController.h */,
				49861A5C1680FA4A004971C4 /* MyAccountViewController.m */,
				49861A2A167FEA8D004971C4 /* UIHelper.h */,
				49861A2B167FEA8D004971C4 /* UIHelper.m */,
				49861ACF16823960004971C4 /* ViewListingDetailLineCell.xib */,
				49861A461680F2B5004971C4 /* ViewListingsViewController.h */,
				49861A471680F2B5004971C4 /* ViewListingsViewController.m */,
				49861AC9168190CD004971C4 /* ViewListingViewController.h */,
				49861ACA168190CE004971C4 /* ViewListingViewController.m */,
			);
			name = ui;
			sourceTree = "<group>";
		};
		49861A88168171BE004971C4 /* SBJSON 3.1 */ = {
			isa = PBXGroup;
			children = (
				49861A89168171BE004971C4 /* NSObject+SBJson.h */,
				49861A8A168171BE004971C4 /* NSObject+SBJson.m */,
				49861A8B168171BE004971C4 /* SBJson.h */,
				49861A8C168171BE004971C4 /* SBJsonParser.h */,
				49861A8D168171BE004971C4 /* SBJsonParser.m */,
				49861A8E168171BE004971C4 /* SBJsonStreamParser.h */,
				49861A8F168171BE004971C4 /* SBJsonStreamParser.m */,
				49861A90168171BE004971C4 /* SBJsonStreamParserAccumulator.h */,
				49861A91168171BE004971C4 /* SBJsonStreamParserAccumulator.m */,
				49861A92168171BE004971C4 /* SBJsonStreamParserAdapter.h */,
				49861A93168171BE004971C4 /* SBJsonStreamParserAdapter.m */,
				49861A94168171BE004971C4 /* SBJsonStreamParserState.h */,
				49861A95168171BE004971C4 /* SBJsonStreamParserState.m */,
				49861A96168171BE004971C4 /* SBJsonStreamWriter.h */,
				49861A97168171BE004971C4 /* SBJsonStreamWriter.m */,
				49861A98168171BE004971C4 /* SBJsonStreamWriterAccumulator.h */,
				49861A99168171BE004971C4 /* SBJsonStreamWriterAccumulator.m */,
				49861A9A168171BE004971C4 /* SBJsonStreamWriterState.h */,
				49861A9B168171BE004971C4 /* SBJsonStreamWriterState.m */,
				49861A9C168171BE004971C4 /* SBJsonTokeniser.h */,
				49861A9D168171BE004971C4 /* SBJsonTokeniser.m */,
				49861A9E168171BE004971C4 /* SBJsonUTF8Stream.h */,
				49861A9F168171BE004971C4 /* SBJsonUTF8Stream.m */,
				49861AA0168171BE004971C4 /* SBJsonWriter.h */,
				49861AA1168171BE004971C4 /* SBJsonWriter.m */,
			);
			name = "SBJSON 3.1";
			path = SBJSON;
			sourceTree = "<group>";
		};
		49861AAE1681722F004971C4 /* images */ = {
			isa = PBXGroup;
			children = (
				49861AAF1681722F004971C4 /* Default-568h@2x.png */,
				49861AB01681722F004971C4 /* Default-Landscape@2x~ipad.png */,
				49861AB11681722F004971C4 /* Default-Landscape~ipad.png */,
				49861AB21681722F004971C4 /* Default.png */,
				49861AB31681722F004971C4 /* Default@2x.png */,
				49861AB41681722F004971C4 /* DefaultListingPhoto.png */,
				49861AB51681722F004971C4 /* DefaultListingPhoto@2x.png */,
				49861AB61681722F004971C4 /* Icon-72.png */,
				49861AB71681722F004971C4 /* Icon-72@2x.png */,
				49861AB81681722F004971C4 /* Icon.png */,
				49861AB91681722F004971C4 /* Icon@2x.png */,
				49861ABA1681722F004971C4 /* SparkLoginButton.png */,
				49861ABB1681722F004971C4 /* SparkLoginButton@2x.png */,
			);
			path = images;
			sourceTree = "<group>";
		};
/* End PBXGroup section */

/* Begin PBXNativeTarget section */
		498619AD167FC448004971C4 /* SparkiOS */ = {
			isa = PBXNativeTarget;
			buildConfigurationList = 498619CC167FC448004971C4 /* Build configuration list for PBXNativeTarget "SparkiOS" */;
			buildPhases = (
				498619AA167FC448004971C4 /* Sources */,
				498619AB167FC448004971C4 /* Frameworks */,
				498619AC167FC448004971C4 /* Resources */,
			);
			buildRules = (
			);
			dependencies = (
			);
			name = SparkiOS;
			productName = SparkiOS;
			productReference = 498619AE167FC448004971C4 /* SparkiOS.app */;
			productType = "com.apple.product-type.application";
		};
/* End PBXNativeTarget section */

/* Begin PBXProject section */
		498619A5167FC448004971C4 /* Project object */ = {
			isa = PBXProject;
			attributes = {
				LastUpgradeCheck = 0450;
				ORGANIZATIONNAME = "Financial Business Systems, Inc.";
			};
			buildConfigurationList = 498619A8167FC448004971C4 /* Build configuration list for PBXProject "SparkiOS" */;
			compatibilityVersion = "Xcode 3.2";
			developmentRegion = English;
			hasScannedForEncodings = 0;
			knownRegions = (
				en,
			);
			mainGroup = 498619A3167FC448004971C4;
			productRefGroup = 498619AF167FC448004971C4 /* Products */;
			projectDirPath = "";
			projectRoot = "";
			targets = (
				498619AD167FC448004971C4 /* SparkiOS */,
			);
		};
/* End PBXProject section */

/* Begin PBXResourcesBuildPhase section */
		498619AC167FC448004971C4 /* Resources */ = {
			isa = PBXResourcesBuildPhase;
			buildActionMask = 2147483647;
			files = (
				498619BD167FC448004971C4 /* InfoPlist.strings in Resources */,
				49861A20167FDA18004971C4 /* LoginViewController.xib in Resources */,
				49861ABC1681722F004971C4 /* Default-568h@2x.png in Resources */,
				49861ABD1681722F004971C4 /* Default-Landscape@2x~ipad.png in Resources */,
				49861ABE1681722F004971C4 /* Default-Landscape~ipad.png in Resources */,
				49861ABF1681722F004971C4 /* Default.png in Resources */,
				49861AC01681722F004971C4 /* Default@2x.png in Resources */,
				49861AC11681722F004971C4 /* DefaultListingPhoto.png in Resources */,
				49861AC21681722F004971C4 /* DefaultListingPhoto@2x.png in Resources */,
				49861AC31681722F004971C4 /* Icon-72.png in Resources */,
				49861AC41681722F004971C4 /* Icon-72@2x.png in Resources */,
				49861AC51681722F004971C4 /* Icon.png in Resources */,
				49861AC61681722F004971C4 /* Icon@2x.png in Resources */,
				49861AC71681722F004971C4 /* SparkLoginButton.png in Resources */,
				49861AC81681722F004971C4 /* SparkLoginButton@2x.png in Resources */,
				49861AD016823960004971C4 /* ViewListingDetailLineCell.xib in Resources */,
			);
			runOnlyForDeploymentPostprocessing = 0;
		};
/* End PBXResourcesBuildPhase section */

/* Begin PBXSourcesBuildPhase section */
		498619AA167FC448004971C4 /* Sources */ = {
			isa = PBXSourcesBuildPhase;
			buildActionMask = 2147483647;
			files = (
				498619BF167FC448004971C4 /* main.m in Sources */,
				498619C3167FC448004971C4 /* AppDelegate.m in Sources */,
				49861A0F167FC91B004971C4 /* AFHTTPClient.m in Sources */,
				49861A10167FC91B004971C4 /* AFHTTPRequestOperation.m in Sources */,
				49861A11167FC91B004971C4 /* AFImageRequestOperation.m in Sources */,
				49861A12167FC91B004971C4 /* AFJSONRequestOperation.m in Sources */,
				49861A13167FC91B004971C4 /* AFNetworkActivityIndicatorManager.m in Sources */,
				49861A14167FC91B004971C4 /* AFPropertyListRequestOperation.m in Sources */,
				49861A15167FC91B004971C4 /* AFURLConnectionOperation.m in Sources */,
				49861A16167FC91B004971C4 /* AFXMLRequestOperation.m in Sources */,
				49861A17167FC91B004971C4 /* UIImageView+AFNetworking.m in Sources */,
				49861A1F167FDA18004971C4 /* LoginViewController.m in Sources */,
				49861A2C167FEA8D004971C4 /* UIHelper.m in Sources */,
				49861A2F167FF046004971C4 /* SparkAPI.m in Sources */,
				49861A481680F2B5004971C4 /* ViewListingsViewController.m in Sources */,
				49861A5D1680FA4A004971C4 /* MyAccountViewController.m in Sources */,
				49861AA2168171BE004971C4 /* NSObject+SBJson.m in Sources */,
				49861AA3168171BE004971C4 /* SBJsonParser.m in Sources */,
				49861AA4168171BE004971C4 /* SBJsonStreamParser.m in Sources */,
				49861AA5168171BE004971C4 /* SBJsonStreamParserAccumulator.m in Sources */,
				49861AA6168171BE004971C4 /* SBJsonStreamParserAdapter.m in Sources */,
				49861AA7168171BE004971C4 /* SBJsonStreamParserState.m in Sources */,
				49861AA8168171BE004971C4 /* SBJsonStreamWriter.m in Sources */,
				49861AA9168171BE004971C4 /* SBJsonStreamWriterAccumulator.m in Sources */,
				49861AAA168171BE004971C4 /* SBJsonStreamWriterState.m in Sources */,
				49861AAB168171BE004971C4 /* SBJsonTokeniser.m in Sources */,
				49861AAC168171BE004971C4 /* SBJsonUTF8Stream.m in Sources */,
				49861AAD168171BE004971C4 /* SBJsonWriter.m in Sources */,
				49861ACB168190CE004971C4 /* ViewListingViewController.m in Sources */,
				49861ACE16819A6E004971C4 /* ListingFormatter.m in Sources */,
			);
			runOnlyForDeploymentPostprocessing = 0;
		};
/* End PBXSourcesBuildPhase section */

/* Begin PBXVariantGroup section */
		498619BB167FC448004971C4 /* InfoPlist.strings */ = {
			isa = PBXVariantGroup;
			children = (
				498619BC167FC448004971C4 /* en */,
			);
			name = InfoPlist.strings;
			sourceTree = "<group>";
		};
/* End PBXVariantGroup section */

/* Begin XCBuildConfiguration section */
		498619CA167FC448004971C4 /* Debug */ = {
			isa = XCBuildConfiguration;
			buildSettings = {
				ALWAYS_SEARCH_USER_PATHS = NO;
				CLANG_CXX_LANGUAGE_STANDARD = "gnu++0x";
				CLANG_CXX_LIBRARY = "libc++";
				CLANG_ENABLE_OBJC_ARC = YES;
				CLANG_WARN_EMPTY_BODY = YES;
				CLANG_WARN__DUPLICATE_METHOD_MATCH = YES;
				"CODE_SIGN_IDENTITY[sdk=iphoneos*]" = "iPhone Developer";
				COPY_PHASE_STRIP = NO;
				GCC_C_LANGUAGE_STANDARD = gnu99;
				GCC_DYNAMIC_NO_PIC = NO;
				GCC_OPTIMIZATION_LEVEL = 0;
				GCC_PREPROCESSOR_DEFINITIONS = (
					"DEBUG=1",
					"$(inherited)",
				);
				GCC_SYMBOLS_PRIVATE_EXTERN = NO;
				GCC_WARN_ABOUT_RETURN_TYPE = YES;
				GCC_WARN_UNINITIALIZED_AUTOS = YES;
				GCC_WARN_UNUSED_VARIABLE = YES;
				IPHONEOS_DEPLOYMENT_TARGET = 6.0;
				ONLY_ACTIVE_ARCH = YES;
				SDKROOT = iphoneos;
				TARGETED_DEVICE_FAMILY = "1,2";
			};
			name = Debug;
		};
		498619CB167FC448004971C4 /* Release */ = {
			isa = XCBuildConfiguration;
			buildSettings = {
				ALWAYS_SEARCH_USER_PATHS = NO;
				CLANG_CXX_LANGUAGE_STANDARD = "gnu++0x";
				CLANG_CXX_LIBRARY = "libc++";
				CLANG_ENABLE_OBJC_ARC = YES;
				CLANG_WARN_EMPTY_BODY = YES;
				CLANG_WARN__DUPLICATE_METHOD_MATCH = YES;
				"CODE_SIGN_IDENTITY[sdk=iphoneos*]" = "iPhone Developer";
				COPY_PHASE_STRIP = YES;
				GCC_C_LANGUAGE_STANDARD = gnu99;
				GCC_WARN_ABOUT_RETURN_TYPE = YES;
				GCC_WARN_UNINITIALIZED_AUTOS = YES;
				GCC_WARN_UNUSED_VARIABLE = YES;
				IPHONEOS_DEPLOYMENT_TARGET = 6.0;
				OTHER_CFLAGS = "-DNS_BLOCK_ASSERTIONS=1";
				SDKROOT = iphoneos;
				TARGETED_DEVICE_FAMILY = "1,2";
				VALIDATE_PRODUCT = YES;
			};
			name = Release;
		};
		498619CD167FC448004971C4 /* Debug */ = {
			isa = XCBuildConfiguration;
			buildSettings = {
				GCC_PRECOMPILE_PREFIX_HEADER = YES;
				GCC_PREFIX_HEADER = "SparkiOS/SparkiOS-Prefix.pch";
				INFOPLIST_FILE = "SparkiOS/SparkiOS-Info.plist";
				IPHONEOS_DEPLOYMENT_TARGET = 5.0;
				PRODUCT_NAME = "$(TARGET_NAME)";
				WRAPPER_EXTENSION = app;
			};
			name = Debug;
		};
		498619CE167FC448004971C4 /* Release */ = {
			isa = XCBuildConfiguration;
			buildSettings = {
				GCC_PRECOMPILE_PREFIX_HEADER = YES;
				GCC_PREFIX_HEADER = "SparkiOS/SparkiOS-Prefix.pch";
				INFOPLIST_FILE = "SparkiOS/SparkiOS-Info.plist";
				IPHONEOS_DEPLOYMENT_TARGET = 5.0;
				PRODUCT_NAME = "$(TARGET_NAME)";
				WRAPPER_EXTENSION = app;
			};
			name = Release;
		};
/* End XCBuildConfiguration section */

/* Begin XCConfigurationList section */
		498619A8167FC448004971C4 /* Build configuration list for PBXProject "SparkiOS" */ = {
			isa = XCConfigurationList;
			buildConfigurations = (
				498619CA167FC448004971C4 /* Debug */,
				498619CB167FC448004971C4 /* Release */,
			);
			defaultConfigurationIsVisible = 0;
			defaultConfigurationName = Release;
		};
		498619CC167FC448004971C4 /* Build configuration list for PBXNativeTarget "SparkiOS" */ = {
			isa = XCConfigurationList;
			buildConfigurations = (
				498619CD167FC448004971C4 /* Debug */,
				498619CE167FC448004971C4 /* Release */,
			);
			defaultConfigurationIsVisible = 0;
			defaultConfigurationName = Release;
		};
/* End XCConfigurationList section */
	};
	rootObject = 498619A5167FC448004971C4 /* Project object */;
}
